# This file is automatically @generated by Poetry 1.7.1 and should not be changed by hand.

[[package]]
name = "certifi"
version = "2024.2.2"
description = "Python package for providing Mozilla's CA Bundle."
optional = false
python-versions = ">=3.6"
files = [
    {file = "certifi-2024.2.2-py3-none-any.whl", hash = "sha256:dc383c07b76109f368f6106eee2b593b04a011ea4d55f652c6ca24a754d1cdd1"},
    {file = "certifi-2024.2.2.tar.gz", hash = "sha256:0569859f95fc761b18b45ef421b1290a0f65f147e92a1e5eb3e635f9a5e4e66f"},
]

[[package]]
name = "ciso8601"
version = "2.3.1"
description = "Fast ISO8601 date time parser for Python written in C"
optional = false
python-versions = "*"
files = [
    {file = "ciso8601-2.3.1-cp310-cp310-macosx_10_9_universal2.whl", hash = "sha256:57db9a28e87f9e4fccba643fb70a9ba1515adc5e1325508eb2c10dd96620314c"},
    {file = "ciso8601-2.3.1-cp310-cp310-macosx_10_9_x86_64.whl", hash = "sha256:8c59646197ddbf84909b6c31d55f744cfeef51811e3910b61d0f58f2885823fd"},
    {file = "ciso8601-2.3.1-cp310-cp310-macosx_11_0_arm64.whl", hash = "sha256:6a25da209193134842cd573464a5323f46fcc3ed781b633f15a34793ba7e1064"},
    {file = "ciso8601-2.3.1-cp310-cp310-manylinux_2_5_x86_64.manylinux1_x86_64.manylinux_2_17_x86_64.manylinux2014_x86_64.whl", hash = "sha256:f3ae83f4e60fc7e260a4188e4ec4ac1bdd40bdb382eeda92fc266c5aa2f0a1ee"},
    {file = "ciso8601-2.3.1-cp310-cp310-musllinux_1_1_i686.whl", hash = "sha256:2c1ef17d1ea52a39b2dce6535583631ae4bfb65c76f0ee8c99413a6861a46c9e"},
    {file = "ciso8601-2.3.1-cp310-cp310-musllinux_1_1_x86_64.whl", hash = "sha256:3771049ba29bd1077588c0a24be1d53f7493e7cc686b2caa92f7cae129636a0e"},
    {file = "ciso8601-2.3.1-cp310-cp310-win_amd64.whl", hash = "sha256:55381365366dacb57207cec610d26c9a6c0d237cb65a0cf67a2baaa5299f2366"},
    {file = "ciso8601-2.3.1-cp311-cp311-macosx_10_9_universal2.whl", hash = "sha256:9f25647803c9a5aaaed130c53bbec7ea06a4f95ba5c7016f59e444b4ef7ac39e"},
    {file = "ciso8601-2.3.1-cp311-cp311-macosx_10_9_x86_64.whl", hash = "sha256:473288cd63efe6a2cf3f4b5f90394e53095358ccb13d6128f87a2da85d0f389b"},
    {file = "ciso8601-2.3.1-cp311-cp311-macosx_11_0_arm64.whl", hash = "sha256:121d27c55f4455eaa27ba3bd602beca915df9a352f235e935636a4660321070e"},
    {file = "ciso8601-2.3.1-cp311-cp311-manylinux_2_5_x86_64.manylinux1_x86_64.manylinux_2_17_x86_64.manylinux2014_x86_64.whl", hash = "sha256:ef44cb4dc83f37019a356c7a72692cbe17072456f4879ca6bc0339f67eee5d00"},
    {file = "ciso8601-2.3.1-cp311-cp311-musllinux_1_1_i686.whl", hash = "sha256:364702e338212b6c1a8643d9399ada21560cf132f363853473560625cb4207f1"},
    {file = "ciso8601-2.3.1-cp311-cp311-musllinux_1_1_x86_64.whl", hash = "sha256:8acb45545e6a654310c6ef788aacb2d73686646c414ceacdd9f5f78a83165af5"},
    {file = "ciso8601-2.3.1-cp311-cp311-win_amd64.whl", hash = "sha256:99addd8b113f85fac549167073f317a318cd2b5841552598ceb97b97c5708a38"},
    {file = "ciso8601-2.3.1-cp312-cp312-macosx_10_9_universal2.whl", hash = "sha256:f39bb5936debf21c52e5d52b89f26857c303da80c43a72883946096a6ef5e561"},
    {file = "ciso8601-2.3.1-cp312-cp312-macosx_10_9_x86_64.whl", hash = "sha256:21cf83ca945bb26ecd95364ae2c9ed0276378e5fe35ce1b64d4c6d5b33038ea3"},
    {file = "ciso8601-2.3.1-cp312-cp312-macosx_11_0_arm64.whl", hash = "sha256:013410263cba46748d2de29e9894341ae41223356cde7970478c32bd0984d10c"},
    {file = "ciso8601-2.3.1-cp312-cp312-manylinux_2_5_x86_64.manylinux1_x86_64.manylinux_2_17_x86_64.manylinux2014_x86_64.whl", hash = "sha256:b26935687ef1837b56997d8c61f1d789e698be58b261410e629eda9c89812141"},
    {file = "ciso8601-2.3.1-cp312-cp312-musllinux_1_1_i686.whl", hash = "sha256:0d980a2a88030d4d8b2434623c250866a75b4979d289eba69bec445c51ace99f"},
    {file = "ciso8601-2.3.1-cp312-cp312-musllinux_1_1_x86_64.whl", hash = "sha256:87721de54e008fb1c4c3978553b05a9c417aa25b76ddf5702d6f7e8d9b109288"},
    {file = "ciso8601-2.3.1-cp312-cp312-win_amd64.whl", hash = "sha256:9f107a4c051e7c0416824279264d94f4ed3da0fbd82bd96ec3c3293426826de4"},
    {file = "ciso8601-2.3.1-cp36-cp36m-macosx_10_9_x86_64.whl", hash = "sha256:02ecbd7c8336c4e1c6bb725b898e29414ee92bdc0be6c72fb07036836b1ac867"},
    {file = "ciso8601-2.3.1-cp36-cp36m-manylinux_2_5_x86_64.manylinux1_x86_64.manylinux_2_17_x86_64.manylinux2014_x86_64.whl", hash = "sha256:36525b1f380f4601533f4631c69911e44efb9cb50beab1da3248b0daa32bced4"},
    {file = "ciso8601-2.3.1-cp36-cp36m-musllinux_1_1_i686.whl", hash = "sha256:874d20c6339e9096baaadfd1b9610bb8d5b373a0f2858cc06de8142b98d2129c"},
    {file = "ciso8601-2.3.1-cp36-cp36m-musllinux_1_1_x86_64.whl", hash = "sha256:46a3663c2cf838f0149e1cdb8e4bdc95716e03cf2d5f803a6eb755d825896ebe"},
    {file = "ciso8601-2.3.1-cp36-cp36m-win_amd64.whl", hash = "sha256:e8e76825f80ce313d75bbbef1d3b8bd9e0ce31dbc157d1981e9593922c9983e7"},
    {file = "ciso8601-2.3.1-cp37-cp37m-macosx_10_9_x86_64.whl", hash = "sha256:6850889813f3135e0aa18f0aaec64249dd81d36a1b9bce60bb45182930c86663"},
    {file = "ciso8601-2.3.1-cp37-cp37m-manylinux_2_5_x86_64.manylinux1_x86_64.manylinux_2_17_x86_64.manylinux2014_x86_64.whl", hash = "sha256:2c690ac24ec3407f68cdfd5e032c6cb18126ef33d6c4b3db0669b9cbb8c96bd4"},
    {file = "ciso8601-2.3.1-cp37-cp37m-musllinux_1_1_i686.whl", hash = "sha256:024c52d5d0670f15ca3dc53eff7345b6eaee22fba929675f6a408f9d1e159d98"},
    {file = "ciso8601-2.3.1-cp37-cp37m-musllinux_1_1_x86_64.whl", hash = "sha256:e7ae2c3442d042de5330672d0d28486ed92f9d7c6dc010943aa618fd361d4638"},
    {file = "ciso8601-2.3.1-cp37-cp37m-win_amd64.whl", hash = "sha256:22128f0def36fa3c4cf0c482a216e8b8ad722def08bc11c07438eff82bdcd02a"},
    {file = "ciso8601-2.3.1-cp38-cp38-macosx_10_9_universal2.whl", hash = "sha256:025859ec286a994aa3f2120c0f27d053b719cabc975398338374f2cc1f961125"},
    {file = "ciso8601-2.3.1-cp38-cp38-macosx_10_9_x86_64.whl", hash = "sha256:2a64ff58904d4418d60fa9619014ae820ae21f7aef58da46df78a4c647f951ec"},
    {file = "ciso8601-2.3.1-cp38-cp38-macosx_11_0_arm64.whl", hash = "sha256:d1f85c0b7fa742bbfd18177137ccbaa3f867dd06157f91595075bb959a733048"},
    {file = "ciso8601-2.3.1-cp38-cp38-manylinux_2_5_x86_64.manylinux1_x86_64.manylinux_2_17_x86_64.manylinux2014_x86_64.whl", hash = "sha256:e4ac59453664781dfddebee51f9a36e41819993823fdb09ddc0ce0e4bd3ff0c3"},
    {file = "ciso8601-2.3.1-cp38-cp38-musllinux_1_1_i686.whl", hash = "sha256:eaecca7e0c3ef9e8f5e963e212b083684e849f9a9bb25834d3042363223a73cd"},
    {file = "ciso8601-2.3.1-cp38-cp38-musllinux_1_1_x86_64.whl", hash = "sha256:ad8f417c45eea973a694599b96f40d841215bfee352cb9963383e8d66b309981"},
    {file = "ciso8601-2.3.1-cp38-cp38-win_amd64.whl", hash = "sha256:b869396e9756a7c0696d8eb69ce1d8980bea5e25c86e5996b10d78c900a4362c"},
    {file = "ciso8601-2.3.1-cp39-cp39-macosx_10_9_universal2.whl", hash = "sha256:7eb7b5ef8714d3d1fe9f3256b7a679ad783da899a0b7503a5ace78186735f840"},
    {file = "ciso8601-2.3.1-cp39-cp39-macosx_10_9_x86_64.whl", hash = "sha256:02828107880848ff497971ebc98e6dc851ad7af8ec14a58089e0e11f3111cad6"},
    {file = "ciso8601-2.3.1-cp39-cp39-macosx_11_0_arm64.whl", hash = "sha256:566b4a8b2f9717e54ffcdd732a7c8051a91da30a60a4f1dafb62e303a1dbac69"},
    {file = "ciso8601-2.3.1-cp39-cp39-manylinux_2_5_x86_64.manylinux1_x86_64.manylinux_2_17_x86_64.manylinux2014_x86_64.whl", hash = "sha256:58a749d63f28c2eda71416c9d6014113b0748abf5fd14c502b01bd515502fedf"},
    {file = "ciso8601-2.3.1-cp39-cp39-musllinux_1_1_i686.whl", hash = "sha256:cb135de0e3b8feb7e74a4f7a234e8c8545957fe8d26316a1a549553f425c629d"},
    {file = "ciso8601-2.3.1-cp39-cp39-musllinux_1_1_x86_64.whl", hash = "sha256:695583810836a42945084b33621b22b0309701c6916689f6a3588fa44c5bc413"},
    {file = "ciso8601-2.3.1-cp39-cp39-win_amd64.whl", hash = "sha256:21204d98496cf5c0511dc21533be55c2a2d34b8c65603946a116812ffbae3b2d"},
    {file = "ciso8601-2.3.1-pp310-pypy310_pp73-manylinux_2_5_x86_64.manylinux1_x86_64.manylinux_2_17_x86_64.manylinux2014_x86_64.whl", hash = "sha256:8c29ea2b03dee2dc0a5d3e4a0b7d7768c597781e9fa451fe1025600f7cb55a89"},
    {file = "ciso8601-2.3.1-pp310-pypy310_pp73-win_amd64.whl", hash = "sha256:7533256af90724b8b7a707dcd1be4b67989447595c8e1e1c28399d4fd51dac50"},
    {file = "ciso8601-2.3.1-pp37-pypy37_pp73-manylinux_2_5_x86_64.manylinux1_x86_64.manylinux_2_17_x86_64.manylinux2014_x86_64.whl", hash = "sha256:d4bc9d577c0d1e57532513fc2899f5231727e28981a426767f7fa13dacb18c06"},
    {file = "ciso8601-2.3.1-pp37-pypy37_pp73-win_amd64.whl", hash = "sha256:4e30501eed43eea7ef64f032c81cd1d8b2020035cbdcefad40db72e2f3bc97ff"},
    {file = "ciso8601-2.3.1-pp38-pypy38_pp73-manylinux_2_5_x86_64.manylinux1_x86_64.manylinux_2_17_x86_64.manylinux2014_x86_64.whl", hash = "sha256:070f568de3bc269268296cb9265704dc5fcb9d4c12b1f1c67536624174df5d09"},
    {file = "ciso8601-2.3.1-pp38-pypy38_pp73-win_amd64.whl", hash = "sha256:9065053c034c80c0afd74c71a4906675d07078a05cfd1cb5ff70661378cdbe60"},
    {file = "ciso8601-2.3.1-pp39-pypy39_pp73-manylinux_2_5_x86_64.manylinux1_x86_64.manylinux_2_17_x86_64.manylinux2014_x86_64.whl", hash = "sha256:4ac00d293cdb3d1a5c78e09b3d75c7b0292ab45d5b26853b436ff5087eba2165"},
    {file = "ciso8601-2.3.1-pp39-pypy39_pp73-win_amd64.whl", hash = "sha256:06941e2ee46701f083aeb21d13eb762d74d5ed6c46ff22119f27a42ed6edc8f9"},
    {file = "ciso8601-2.3.1.tar.gz", hash = "sha256:3212c7ffe5d8080270548b5f2692ffd2039683b6628a8d2ad456122cc5793c4c"},
]

[[package]]
name = "influxdb-client"
version = "1.40.0"
description = "InfluxDB 2.0 Python client library"
optional = false
python-versions = ">=3.7"
files = [
    {file = "influxdb_client-1.40.0-py3-none-any.whl", hash = "sha256:7aa115506a8ec89d10ff6e4d729cb0c78ca223a1f1b03412a7ad988da9011089"},
    {file = "influxdb_client-1.40.0.tar.gz", hash = "sha256:027f970af1518479d8806f1cdf5ba20280f943e1b621c2acdbf9ca8dc9bdf1cb"},
]

[package.dependencies]
certifi = ">=14.05.14"
ciso8601 = {version = ">=2.1.1", optional = true, markers = "extra == \"ciso\""}
python-dateutil = ">=2.5.3"
reactivex = ">=4.0.4"
setuptools = ">=21.0.0"
urllib3 = ">=1.26.0"

[package.extras]
async = ["aiocsv (>=1.2.2)", "aiohttp (>=3.8.1)"]
ciso = ["ciso8601 (>=2.1.1)"]
extra = ["numpy", "pandas (>=0.25.3)"]
test = ["aioresponses (>=0.7.3)", "coverage (>=4.0.3)", "flake8 (>=5.0.3)", "httpretty (==1.0.5)", "jinja2 (==3.1.3)", "nose (>=1.3.7)", "pluggy (>=0.3.1)", "psutil (>=5.6.3)", "py (>=1.4.31)", "pytest (>=5.0.0)", "pytest-cov (>=3.0.0)", "pytest-timeout (>=2.1.0)", "randomize (>=0.13)", "sphinx (==1.8.5)", "sphinx-rtd-theme"]

[[package]]
name = "python-dateutil"
version = "2.8.2"
description = "Extensions to the standard Python datetime module"
optional = false
python-versions = "!=3.0.*,!=3.1.*,!=3.2.*,>=2.7"
files = [
    {file = "python-dateutil-2.8.2.tar.gz", hash = "sha256:0123cacc1627ae19ddf3c27a5de5bd67ee4586fbdd6440d9748f8abb483d3e86"},
    {file = "python_dateutil-2.8.2-py2.py3-none-any.whl", hash = "sha256:961d03dc3453ebbc59dbdea9e4e11c5651520a876d0f4db161e8674aae935da9"},
]

[package.dependencies]
six = ">=1.5"

[[package]]
name = "reactivex"
version = "4.0.4"
description = "ReactiveX (Rx) for Python"
optional = false
python-versions = ">=3.7,<4.0"
files = [
    {file = "reactivex-4.0.4-py3-none-any.whl", hash = "sha256:0004796c420bd9e68aad8e65627d85a8e13f293de76656165dffbcb3a0e3fb6a"},
    {file = "reactivex-4.0.4.tar.gz", hash = "sha256:e912e6591022ab9176df8348a653fe8c8fa7a301f26f9931c9d8c78a650e04e8"},
]

[package.dependencies]
typing-extensions = ">=4.1.1,<5.0.0"

[[package]]
name = "setuptools"
version = "69.0.3"
description = "Easily download, build, install, upgrade, and uninstall Python packages"
optional = false
python-versions = ">=3.8"
files = [
    {file = "setuptools-69.0.3-py3-none-any.whl", hash = "sha256:385eb4edd9c9d5c17540511303e39a147ce2fc04bc55289c322b9e5904fe2c05"},
    {file = "setuptools-69.0.3.tar.gz", hash = "sha256:be1af57fc409f93647f2e8e4573a142ed38724b8cdd389706a867bb4efcf1e78"},
]

[package.extras]
docs = ["furo", "jaraco.packaging (>=9.3)", "jaraco.tidelift (>=1.4)", "pygments-github-lexers (==0.0.5)", "rst.linker (>=1.9)", "sphinx (<7.2.5)", "sphinx (>=3.5)", "sphinx-favicon", "sphinx-inline-tabs", "sphinx-lint", "sphinx-notfound-page (>=1,<2)", "sphinx-reredirects", "sphinxcontrib-towncrier"]
testing = ["build[virtualenv]", "filelock (>=3.4.0)", "flake8-2020", "ini2toml[lite] (>=0.9)", "jaraco.develop (>=7.21)", "jaraco.envs (>=2.2)", "jaraco.path (>=3.2.0)", "pip (>=19.1)", "pytest (>=6)", "pytest-black (>=0.3.7)", "pytest-checkdocs (>=2.4)", "pytest-cov", "pytest-enabler (>=2.2)", "pytest-mypy (>=0.9.1)", "pytest-perf", "pytest-ruff", "pytest-timeout", "pytest-xdist", "tomli-w (>=1.0.0)", "virtualenv (>=13.0.0)", "wheel"]
testing-integration = ["build[virtualenv] (>=1.0.3)", "filelock (>=3.4.0)", "jaraco.envs (>=2.2)", "jaraco.path (>=3.2.0)", "packaging (>=23.1)", "pytest", "pytest-enabler", "pytest-xdist", "tomli", "virtualenv (>=13.0.0)", "wheel"]

[[package]]
name = "six"
version = "1.16.0"
description = "Python 2 and 3 compatibility utilities"
optional = false
python-versions = ">=2.7, !=3.0.*, !=3.1.*, !=3.2.*"
files = [
    {file = "six-1.16.0-py2.py3-none-any.whl", hash = "sha256:8abb2f1d86890a2dfb989f9a77cfcfd3e47c2a354b01111771326f8aa26e0254"},
    {file = "six-1.16.0.tar.gz", hash = "sha256:1e61c37477a1626458e36f7b1d82aa5c9b094fa4802892072e49de9c60c4c926"},
]

[[package]]
name = "typing-extensions"
version = "4.9.0"
description = "Backported and Experimental Type Hints for Python 3.8+"
optional = false
python-versions = ">=3.8"
files = [
    {file = "typing_extensions-4.9.0-py3-none-any.whl", hash = "sha256:af72aea155e91adfc61c3ae9e0e342dbc0cba726d6cba4b6c72c1f34e47291cd"},
    {file = "typing_extensions-4.9.0.tar.gz", hash = "sha256:23478f88c37f27d76ac8aee6c905017a143b0b1b886c3c9f66bc2fd94f9f5783"},
]

[[package]]
name = "urllib3"
version = "2.2.0"
description = "HTTP library with thread-safe connection pooling, file post, and more."
optional = false
python-versions = ">=3.8"
files = [
    {file = "urllib3-2.2.0-py3-none-any.whl", hash = "sha256:ce3711610ddce217e6d113a2732fafad960a03fd0318c91faa79481e35c11224"},
    {file = "urllib3-2.2.0.tar.gz", hash = "sha256:051d961ad0c62a94e50ecf1af379c3aba230c66c710493493560c0c223c49f20"},
]

[package.extras]
brotli = ["brotli (>=1.0.9)", "brotlicffi (>=0.8.0)"]
h2 = ["h2 (>=4,<5)"]
socks = ["pysocks (>=1.5.6,!=1.5.7,<2.0)"]
zstd = ["zstandard (>=0.18.0)"]

[metadata]
lock-version = "2.0"
python-versions = "^3.9"
content-hash = "60e72794a66d5296a7967618fe22c227664175c5c6ad10aa328a32d7c152553c"
